// !$*UTF8*$!
{
	archiveVersion = 1;
	classes = {
	};
	objectVersion = 46;
	objects = {

/* Begin PBXBuildFile section */
		FCC245A01AEB2E3600E20222 /* AppDelegate.swift in Sources */ = {isa = PBXBuildFile; fileRef = FCC2459F1AEB2E3600E20222 /* AppDelegate.swift */; };
		FCC245A31AEB2E3600E20222 /* onpurples.xcdatamodeld in Sources */ = {isa = PBXBuildFile; fileRef = FCC245A11AEB2E3600E20222 /* onpurples.xcdatamodeld */; };
		FCC245A51AEB2E3600E20222 /* ViewController.swift in Sources */ = {isa = PBXBuildFile; fileRef = FCC245A41AEB2E3600E20222 /* ViewController.swift */; };
		FCC245A81AEB2E3600E20222 /* Main.storyboard in Resources */ = {isa = PBXBuildFile; fileRef = FCC245A61AEB2E3600E20222 /* Main.storyboard */; };
		FCC245AA1AEB2E3600E20222 /* Images.xcassets in Resources */ = {isa = PBXBuildFile; fileRef = FCC245A91AEB2E3600E20222 /* Images.xcassets */; };
		FCC245AD1AEB2E3600E20222 /* LaunchScreen.xib in Resources */ = {isa = PBXBuildFile; fileRef = FCC245AB1AEB2E3600E20222 /* LaunchScreen.xib */; };
		FCC245B91AEB2E3600E20222 /* onpurplesTests.swift in Sources */ = {isa = PBXBuildFile; fileRef = FCC245B81AEB2E3600E20222 /* onpurplesTests.swift */; };
		FCC245C31AEB2E5C00E20222 /* carimage.jpg in Resources */ = {isa = PBXBuildFile; fileRef = FCC245C21AEB2E5C00E20222 /* carimage.jpg */; };
/* End PBXBuildFile section */

/* Begin PBXContainerItemProxy section */
		FCC245B31AEB2E3600E20222 /* PBXContainerItemProxy */ = {
			isa = PBXContainerItemProxy;
			containerPortal = FCC245921AEB2E3600E20222 /* Project object */;
			proxyType = 1;
			remoteGlobalIDString = FCC245991AEB2E3600E20222;
			remoteInfo = onpurples;
		};
/* End PBXContainerItemProxy section */

/* Begin PBXFileReference section */
		FCC2459A1AEB2E3600E20222 /* onpurples.app */ = {isa = PBXFileReference; explicitFileType = wrapper.application; includeInIndex = 0; path = onpurples.app; sourceTree = BUILT_PRODUCTS_DIR; };
		FCC2459E1AEB2E3600E20222 /* Info.plist */ = {isa = PBXFileReference; lastKnownFileType = text.plist.xml; path = Info.plist; sourceTree = "<group>"; };
		FCC2459F1AEB2E3600E20222 /* AppDelegate.swift */ = {isa = PBXFileReference; lastKnownFileType = sourcecode.swift; path = AppDelegate.swift; sourceTree = "<group>"; };
		FCC245A21AEB2E3600E20222 /* onpurples.xcdatamodel */ = {isa = PBXFileReference; lastKnownFileType = wrapper.xcdatamodel; path = onpurples.xcdatamodel; sourceTree = "<group>"; };
		FCC245A41AEB2E3600E20222 /* ViewController.swift */ = {isa = PBXFileReference; lastKnownFileType = sourcecode.swift; path = ViewController.swift; sourceTree = "<group>"; };
		FCC245A71AEB2E3600E20222 /* Base */ = {isa = PBXFileReference; lastKnownFileType = file.storyboard; name = Base; path = Base.lproj/Main.storyboard; sourceTree = "<group>"; };
		FCC245A91AEB2E3600E20222 /* Images.xcassets */ = {isa = PBXFileReference; lastKnownFileType = folder.assetcatalog; path = Images.xcassets; sourceTree = "<group>"; };
		FCC245AC1AEB2E3600E20222 /* Base */ = {isa = PBXFileReference; lastKnownFileType = file.xib; name = Base; path = Base.lproj/LaunchScreen.xib; sourceTree = "<group>"; };
		FCC245B21AEB2E3600E20222 /* onpurplesTests.xctest */ = {isa = PBXFileReference; explicitFileType = wrapper.cfbundle; includeInIndex = 0; path = onpurplesTests.xctest; sourceTree = BUILT_PRODUCTS_DIR; };
		FCC245B71AEB2E3600E20222 /* Info.plist */ = {isa = PBXFileReference; lastKnownFileType = text.plist.xml; path = Info.plist; sourceTree = "<group>"; };
		FCC245B81AEB2E3600E20222 /* onpurplesTests.swift */ = {isa = PBXFileReference; lastKnownFileType = sourcecode.swift; path = onpurplesTests.swift; sourceTree = "<group>"; };
		FCC245C21AEB2E5C00E20222 /* carimage.jpg */ = {isa = PBXFileReference; lastKnownFileType = image.jpeg; path = carimage.jpg; sourceTree = "<group>"; };
		FCC245C41AEB45D900E20222 /* onpurples-Bridging-Header.h */ = {isa = PBXFileReference; lastKnownFileType = sourcecode.c.h; path = "onpurples-Bridging-Header.h"; sourceTree = "<group>"; };
/* End PBXFileReference section */

/* Begin PBXFrameworksBuildPhase section */
		FCC245971AEB2E3600E20222 /* Frameworks */ = {
			isa = PBXFrameworksBuildPhase;
			buildActionMask = 2147483647;
			files = (
			);
			runOnlyForDeploymentPostprocessing = 0;
		};
		FCC245AF1AEB2E3600E20222 /* Frameworks */ = {
			isa = PBXFrameworksBuildPhase;
			buildActionMask = 2147483647;
			files = (
			);
			runOnlyForDeploymentPostprocessing = 0;
		};
/* End PBXFrameworksBuildPhase section */

/* Begin PBXGroup section */
		FCC245911AEB2E3600E20222 = {
			isa = PBXGroup;
			children = (
				FCC2459C1AEB2E3600E20222 /* onpurples */,
				FCC245B51AEB2E3600E20222 /* onpurplesTests */,
				FCC2459B1AEB2E3600E20222 /* Products */,
			);
			sourceTree = "<group>";
		};
		FCC2459B1AEB2E3600E20222 /* Products */ = {
			isa = PBXGroup;
			children = (
				FCC2459A1AEB2E3600E20222 /* onpurples.app */,
				FCC245B21AEB2E3600E20222 /* onpurplesTests.xctest */,
			);
			name = Products;
			sourceTree = "<group>";
		};
		FCC2459C1AEB2E3600E20222 /* onpurples */ = {
			isa = PBXGroup;
			children = (
				FCC245C21AEB2E5C00E20222 /* carimage.jpg */,
				FCC2459F1AEB2E3600E20222 /* AppDelegate.swift */,
				FCC245A41AEB2E3600E20222 /* ViewController.swift */,
				FCC245A61AEB2E3600E20222 /* Main.storyboard */,
				FCC245A91AEB2E3600E20222 /* Images.xcassets */,
				FCC245AB1AEB2E3600E20222 /* LaunchScreen.xib */,
				FCC245A11AEB2E3600E20222 /* onpurples.xcdatamodeld */,
				FCC2459D1AEB2E3600E20222 /* Supporting Files */,
				FCC245C41AEB45D900E20222 /* onpurples-Bridging-Header.h */,
			);
			path = onpurples;
			sourceTree = "<group>";
		};
		FCC2459D1AEB2E3600E20222 /* Supporting Files */ = {
			isa = PBXGroup;
			children = (
				FCC2459E1AEB2E3600E20222 /* Info.plist */,
			);
			name = "Supporting Files";
			sourceTree = "<group>";
		};
		FCC245B51AEB2E3600E20222 /* onpurplesTests */ = {
			isa = PBXGroup;
			children = (
				FCC245B81AEB2E3600E20222 /* onpurplesTests.swift */,
				FCC245B61AEB2E3600E20222 /* Supporting Files */,
			);
			path = onpurplesTests;
			sourceTree = "<group>";
		};
		FCC245B61AEB2E3600E20222 /* Supporting Files */ = {
			isa = PBXGroup;
			children = (
				FCC245B71AEB2E3600E20222 /* Info.plist */,
			);
			name = "Supporting Files";
			sourceTree = "<group>";
		};
/* End PBXGroup section */

/* Begin PBXNativeTarget section */
		FCC245991AEB2E3600E20222 /* onpurples */ = {
			isa = PBXNativeTarget;
			buildConfigurationList = FCC245BC1AEB2E3600E20222 /* Build configuration list for PBXNativeTarget "onpurples" */;
			buildPhases = (
				FCC245961AEB2E3600E20222 /* Sources */,
				FCC245971AEB2E3600E20222 /* Frameworks */,
				FCC245981AEB2E3600E20222 /* Resources */,
			);
			buildRules = (
			);
			dependencies = (
			);
			name = onpurples;
			productName = onpurples;
			productReference = FCC2459A1AEB2E3600E20222 /* onpurples.app */;
			productType = "com.apple.product-type.application";
		};
		FCC245B11AEB2E3600E20222 /* onpurplesTests */ = {
			isa = PBXNativeTarget;
			buildConfigurationList = FCC245BF1AEB2E3600E20222 /* Build configuration list for PBXNativeTarget "onpurplesTests" */;
			buildPhases = (
				FCC245AE1AEB2E3600E20222 /* Sources */,
				FCC245AF1AEB2E3600E20222 /* Frameworks */,
				FCC245B01AEB2E3600E20222 /* Resources */,
			);
			buildRules = (
			);
			dependencies = (
				FCC245B41AEB2E3600E20222 /* PBXTargetDependency */,
			);
			name = onpurplesTests;
			productName = onpurplesTests;
			productReference = FCC245B21AEB2E3600E20222 /* onpurplesTests.xctest */;
			productType = "com.apple.product-type.bundle.unit-test";
		};
/* End PBXNativeTarget section */

/* Begin PBXProject section */
		FCC245921AEB2E3600E20222 /* Project object */ = {
			isa = PBXProject;
			attributes = {
				LastUpgradeCheck = 0620;
				ORGANIZATIONNAME = "Sushma Reddy";
				TargetAttributes = {
					FCC245991AEB2E3600E20222 = {
						CreatedOnToolsVersion = 6.2;
					};
					FCC245B11AEB2E3600E20222 = {
						CreatedOnToolsVersion = 6.2;
						TestTargetID = FCC245991AEB2E3600E20222;
					};
				};
			};
			buildConfigurationList = FCC245951AEB2E3600E20222 /* Build configuration list for PBXProject "onpurples" */;
			compatibilityVersion = "Xcode 3.2";
			developmentRegion = English;
			hasScannedForEncodings = 0;
			knownRegions = (
				en,
				Base,
			);
			mainGroup = FCC245911AEB2E3600E20222;
			productRefGroup = FCC2459B1AEB2E3600E20222 /* Products */;
			projectDirPath = "";
			projectRoot = "";
			targets = (
				FCC245991AEB2E3600E20222 /* onpurples */,
				FCC245B11AEB2E3600E20222 /* onpurplesTests */,
			);
		};
/* End PBXProject section */

/* Begin PBXResourcesBuildPhase section */
		FCC245981AEB2E3600E20222 /* Resources */ = {
			isa = PBXResourcesBuildPhase;
			buildActionMask = 2147483647;
			files = (
				FCC245C31AEB2E5C00E20222 /* carimage.jpg in Resources */,
				FCC245A81AEB2E3600E20222 /* Main.storyboard in Resources */,
				FCC245AD1AEB2E3600E20222 /* LaunchScreen.xib in Resources */,
				FCC245AA1AEB2E3600E20222 /* Images.xcassets in Resources */,
			);
			runOnlyForDeploymentPostprocessing = 0;
		};
		FCC245B01AEB2E3600E20222 /* Resources */ = {
			isa = PBXResourcesBuildPhase;
			buildActionMask = 2147483647;
			files = (
			);
			runOnlyForDeploymentPostprocessing = 0;
		};
/* End PBXResourcesBuildPhase section */

/* Begin PBXSourcesBuildPhase section */
		FCC245961AEB2E3600E20222 /* Sources */ = {
			isa = PBXSourcesBuildPhase;
			buildActionMask = 2147483647;
			files = (
				FCC245A51AEB2E3600E20222 /* ViewController.swift in Sources */,
				FCC245A31AEB2E3600E20222 /* onpurples.xcdatamodeld in Sources */,
				FCC245A01AEB2E3600E20222 /* AppDelegate.swift in Sources */,
			);
			runOnlyForDeploymentPostprocessing = 0;
		};
		FCC245AE1AEB2E3600E20222 /* Sources */ = {
			isa = PBXSourcesBuildPhase;
			buildActionMask = 2147483647;
			files = (
				FCC245B91AEB2E3600E20222 /* onpurplesTests.swift in Sources */,
			);
			runOnlyForDeploymentPostprocessing = 0;
		};
/* End PBXSourcesBuildPhase section */

/* Begin PBXTargetDependency section */
		FCC245B41AEB2E3600E20222 /* PBXTargetDependency */ = {
			isa = PBXTargetDependency;
			target = FCC245991AEB2E3600E20222 /* onpurples */;
			targetProxy = FCC245B31AEB2E3600E20222 /* PBXContainerItemProxy */;
		};
/* End PBXTargetDependency section */

/* Begin PBXVariantGroup section */
		FCC245A61AEB2E3600E20222 /* Main.storyboard */ = {
			isa = PBXVariantGroup;
			children = (
				FCC245A71AEB2E3600E20222 /* Base */,
			);
			name = Main.storyboard;
			sourceTree = "<group>";
		};
		FCC245AB1AEB2E3600E20222 /* LaunchScreen.xib */ = {
			isa = PBXVariantGroup;
			children = (
				FCC245AC1AEB2E3600E20222 /* Base */,
			);
			name = LaunchScreen.xib;
			sourceTree = "<group>";
		};
/* End PBXVariantGroup section */

/* Begin XCBuildConfiguration section */
		FCC245BA1AEB2E3600E20222 /* Debug */ = {
			isa = XCBuildConfiguration;
			buildSettings = {
				ALWAYS_SEARCH_USER_PATHS = NO;
				CLANG_CXX_LANGUAGE_STANDARD = "gnu++0x";
				CLANG_CXX_LIBRARY = "libc++";
				CLANG_ENABLE_MODULES = YES;
				CLANG_ENABLE_OBJC_ARC = YES;
				CLANG_WARN_BOOL_CONVERSION = YES;
				CLANG_WARN_CONSTANT_CONVERSION = YES;
				CLANG_WARN_DIRECT_OBJC_ISA_USAGE = YES_ERROR;
				CLANG_WARN_EMPTY_BODY = YES;
				CLANG_WARN_ENUM_CONVERSION = YES;
				CLANG_WARN_INT_CONVERSION = YES;
				CLANG_WARN_OBJC_ROOT_CLASS = YES_ERROR;
				CLANG_WARN_UNREACHABLE_CODE = YES;
				CLANG_WARN__DUPLICATE_METHOD_MATCH = YES;
				"CODE_SIGN_IDENTITY[sdk=iphoneos*]" = "iPhone Developer";
				COPY_PHASE_STRIP = NO;
				ENABLE_STRICT_OBJC_MSGSEND = YES;
				GCC_C_LANGUAGE_STANDARD = gnu99;
				GCC_DYNAMIC_NO_PIC = NO;
				GCC_OPTIMIZATION_LEVEL = 0;
				GCC_PREPROCESSOR_DEFINITIONS = (
					"DEBUG=1",
					"$(inherited)",
				);
				GCC_SYMBOLS_PRIVATE_EXTERN = NO;
				GCC_WARN_64_TO_32_BIT_CONVERSION = YES;
				GCC_WARN_ABOUT_RETURN_TYPE = YES_ERROR;
				GCC_WARN_UNDECLARED_SELECTOR = YES;
				GCC_WARN_UNINITIALIZED_AUTOS = YES_AGGRESSIVE;
				GCC_WARN_UNUSED_FUNCTION = YES;
				GCC_WARN_UNUSED_VARIABLE = YES;
				IPHONEOS_DEPLOYMENT_TARGET = 8.2;
				MTL_ENABLE_DEBUG_INFO = YES;
				ONLY_ACTIVE_ARCH = YES;
				SDKROOT = iphoneos;
				SWIFT_OPTIMIZATION_LEVEL = "-Onone";
			};
			name = Debug;
		};
		FCC245BB1AEB2E3600E20222 /* Release */ = {
			isa = XCBuildConfiguration;
			buildSettings = {
				ALWAYS_SEARCH_USER_PATHS = NO;
				CLANG_CXX_LANGUAGE_STANDARD = "gnu++0x";
				CLANG_CXX_LIBRARY = "libc++";
				CLANG_ENABLE_MODULES = YES;
				CLANG_ENABLE_OBJC_ARC = YES;
				CLANG_WARN_BOOL_CONVERSION = YES;
				CLANG_WARN_CONSTANT_CONVERSION = YES;
				CLANG_WARN_DIRECT_OBJC_ISA_USAGE = YES_ERROR;
				CLANG_WARN_EMPTY_BODY = YES;
				CLANG_WARN_ENUM_CONVERSION = YES;
				CLANG_WARN_INT_CONVERSION = YES;
				CLANG_WARN_OBJC_ROOT_CLASS = YES_ERROR;
				CLANG_WARN_UNREACHABLE_CODE = YES;
				CLANG_WARN__DUPLICATE_METHOD_MATCH = YES;
				"CODE_SIGN_IDENTITY[sdk=iphoneos*]" = "iPhone Developer";
				COPY_PHASE_STRIP = NO;
				ENABLE_NS_ASSERTIONS = NO;
				ENABLE_STRICT_OBJC_MSGSEND = YES;
				GCC_C_LANGUAGE_STANDARD = gnu99;
				GCC_WARN_64_TO_32_BIT_CONVERSION = YES;
				GCC_WARN_ABOUT_RETURN_TYPE = YES_ERROR;
				GCC_WARN_UNDECLARED_SELECTOR = YES;
				GCC_WARN_UNINITIALIZED_AUTOS = YES_AGGRESSIVE;
				GCC_WARN_UNUSED_FUNCTION = YES;
				GCC_WARN_UNUSED_VARIABLE = YES;
				IPHONEOS_DEPLOYMENT_TARGET = 8.2;
				MTL_ENABLE_DEBUG_INFO = NO;
				SDKROOT = iphoneos;
				VALIDATE_PRODUCT = YES;
			};
			name = Release;
		};
		FCC245BD1AEB2E3600E20222 /* Debug */ = {
			isa = XCBuildConfiguration;
			buildSettings = {
				ASSETCATALOG_COMPILER_APPICON_NAME = AppIcon;
				CLANG_ENABLE_MODULES = YES;
				INFOPLIST_FILE = onpurples/Info.plist;
				LD_RUNPATH_SEARCH_PATHS = "$(inherited) @executable_path/Frameworks";
				PRODUCT_NAME = "$(TARGET_NAME)";
				SWIFT_OBJC_BRIDGING_HEADER = "onpurples/onpurples-Bridging-Header.h";
				SWIFT_OPTIMIZATION_LEVEL = "-Onone";
			};
			name = Debug;
		};
		FCC245BE1AEB2E3600E20222 /* Release */ = {
			isa = XCBuildConfiguration;
			buildSettings = {
				ASSETCATALOG_COMPILER_APPICON_NAME = AppIcon;
				CLANG_ENABLE_MODULES = YES;
				INFOPLIST_FILE = onpurples/Info.plist;
				LD_RUNPATH_SEARCH_PATHS = "$(inherited) @executable_path/Frameworks";
				PRODUCT_NAME = "$(TARGET_NAME)";
				SWIFT_OBJC_BRIDGING_HEADER = "onpurples/onpurples-Bridging-Header.h";
			};
			name = Release;
		};
		FCC245C01AEB2E3600E20222 /* Debug */ = {
			isa = XCBuildConfiguration;
			buildSettings = {
				BUNDLE_LOADER = "$(TEST_HOST)";
				FRAMEWORK_SEARCH_PATHS = (
					"$(SDKROOT)/Developer/Library/Frameworks",
					"$(inherited)",
				);
				GCC_PREPROCESSOR_DEFINITIONS = (
					"DEBUG=1",
					"$(inherited)",
				);
				INFOPLIST_FILE = onpurplesTests/Info.plist;
				LD_RUNPATH_SEARCH_PATHS = "$(inherited) @executable_path/Frameworks @loader_path/Frameworks";
				PRODUCT_NAME = "$(TARGET_NAME)";
				TEST_HOST = "$(BUILT_PRODUCTS_DIR)/onpurples.app/onpurples";
			};
			name = Debug;
		};
		FCC245C11AEB2E3600E20222 /* Release */ = {
			isa = XCBuildConfiguration;
			buildSettings = {
				BUNDLE_LOADER = "$(TEST_HOST)";
				FRAMEWORK_SEARCH_PATHS = (
					"$(SDKROOT)/Developer/Library/Frameworks",
					"$(inherited)",
				);
				INFOPLIST_FILE = onpurplesTests/Info.plist;
				LD_RUNPATH_SEARCH_PATHS = "$(inherited) @executable_path/Frameworks @loader_path/Frameworks";
				PRODUCT_NAME = "$(TARGET_NAME)";
				TEST_HOST = "$(BUILT_PRODUCTS_DIR)/onpurples.app/onpurples";
			};
			name = Release;
		};
/* End XCBuildConfiguration section */

/* Begin XCConfigurationList section */
		FCC245951AEB2E3600E20222 /* Build configuration list for PBXProject "onpurples" */ = {
			isa = XCConfigurationList;
			buildConfigurations = (
				FCC245BA1AEB2E3600E20222 /* Debug */,
				FCC245BB1AEB2E3600E20222 /* Release */,
			);
			defaultConfigurationIsVisible = 0;
			defaultConfigurationName = Release;
		};
		FCC245BC1AEB2E3600E20222 /* Build configuration list for PBXNativeTarget "onpurples" */ = {
			isa = XCConfigurationList;
			buildConfigurations = (
				FCC245BD1AEB2E3600E20222 /* Debug */,
				FCC245BE1AEB2E3600E20222 /* Release */,
			);
			defaultConfigurationIsVisible = 0;
		};
		FCC245BF1AEB2E3600E20222 /* Build configuration list for PBXNativeTarget "onpurplesTests" */ = {
			isa = XCConfigurationList;
			buildConfigurations = (
				FCC245C01AEB2E3600E20222 /* Debug */,
				FCC245C11AEB2E3600E20222 /* Release */,
			);
			defaultConfigurationIsVisible = 0;
		};
/* End XCConfigurationList section */

/* Begin XCVersionGroup section */
		FCC245A11AEB2E3600E20222 /* onpurples.xcdatamodeld */ = {
			isa = XCVersionGroup;
			children = (
				FCC245A21AEB2E3600E20222 /* onpurples.xcdatamodel */,
			);
			currentVersion = FCC245A21AEB2E3600E20222 /* onpurples.xcdatamodel */;
			path = onpurples.xcdatamodeld;
			sourceTree = "<group>";
			versionGroupType = wrapper.xcdatamodel;
		};
/* End XCVersionGroup section */
	};
	rootObject = FCC245921AEB2E3600E20222 /* Project object */;
}
